// !$*UTF8*$!
{
	archiveVersion = 1;
	classes = {
	};
	objectVersion = 50;
	objects = {

/* Begin PBXBuildFile section */
		82B0E10827161CD700B07CDE /* AppDelegate.swift in Sources */ = {isa = PBXBuildFile; fileRef = 82B0E10727161CD700B07CDE /* AppDelegate.swift */; };
		82B0E10A27161CD700B07CDE /* ViewController.swift in Sources */ = {isa = PBXBuildFile; fileRef = 82B0E10927161CD700B07CDE /* ViewController.swift */; };
		82B0E10C27161CDD00B07CDE /* Assets.xcassets in Resources */ = {isa = PBXBuildFile; fileRef = 82B0E10B27161CDD00B07CDE /* Assets.xcassets */; };
		82B0E10F27161CDD00B07CDE /* Main.storyboard in Resources */ = {isa = PBXBuildFile; fileRef = 82B0E10D27161CDD00B07CDE /* Main.storyboard */; };
		82B0E11927161E0D00B07CDE /* WindowController.swift in Sources */ = {isa = PBXBuildFile; fileRef = 82B0E11827161E0D00B07CDE /* WindowController.swift */; };
		82B0E123271645C400B07CDE /* StatusImageView.swift in Sources */ = {isa = PBXBuildFile; fileRef = 82B0E122271645C400B07CDE /* StatusImageView.swift */; };
		82B0E19527174CCD00B07CDE /* IconImageView.swift in Sources */ = {isa = PBXBuildFile; fileRef = 82B0E19427174CCD00B07CDE /* IconImageView.swift */; };
		82B0E19A27174DE000B07CDE /* JenkinsIcon@2x.png in Resources */ = {isa = PBXBuildFile; fileRef = 82B0E19927174DE000B07CDE /* JenkinsIcon@2x.png */; };
		82B0E1A527175F3A00B07CDE /* FailedJenkins@2x.png in Resources */ = {isa = PBXBuildFile; fileRef = 82B0E1A427175F3A00B07CDE /* FailedJenkins@2x.png */; };
		82B0E1A82717631600B07CDE /* BuildJenkins@2x.png in Resources */ = {isa = PBXBuildFile; fileRef = 82B0E1A72717631600B07CDE /* BuildJenkins@2x.png */; };
		82B0E1AB2717633900B07CDE /* SuccessJenkins@2x.png in Resources */ = {isa = PBXBuildFile; fileRef = 82B0E1AA2717633900B07CDE /* SuccessJenkins@2x.png */; };
		82B0E1AF271768CB00B07CDE /* PRInstance.swift in Sources */ = {isa = PBXBuildFile; fileRef = 82B0E1AE271768CB00B07CDE /* PRInstance.swift */; };
/* End PBXBuildFile section */

/* Begin PBXFileReference section */
		82B0E10427161CD700B07CDE /* GoGoJenkins.app */ = {isa = PBXFileReference; explicitFileType = wrapper.application; includeInIndex = 0; path = GoGoJenkins.app; sourceTree = BUILT_PRODUCTS_DIR; };
		82B0E10727161CD700B07CDE /* AppDelegate.swift */ = {isa = PBXFileReference; lastKnownFileType = sourcecode.swift; path = AppDelegate.swift; sourceTree = "<group>"; };
		82B0E10927161CD700B07CDE /* ViewController.swift */ = {isa = PBXFileReference; lastKnownFileType = sourcecode.swift; path = ViewController.swift; sourceTree = "<group>"; };
		82B0E10B27161CDD00B07CDE /* Assets.xcassets */ = {isa = PBXFileReference; lastKnownFileType = folder.assetcatalog; path = Assets.xcassets; sourceTree = "<group>"; };
		82B0E10E27161CDD00B07CDE /* Base */ = {isa = PBXFileReference; lastKnownFileType = file.storyboard; name = Base; path = Base.lproj/Main.storyboard; sourceTree = "<group>"; };
		82B0E11027161CDD00B07CDE /* Info.plist */ = {isa = PBXFileReference; lastKnownFileType = text.plist.xml; path = Info.plist; sourceTree = "<group>"; };
		82B0E11127161CDD00B07CDE /* GoGoJenkins.entitlements */ = {isa = PBXFileReference; lastKnownFileType = text.plist.entitlements; path = GoGoJenkins.entitlements; sourceTree = "<group>"; };
		82B0E11827161E0D00B07CDE /* WindowController.swift */ = {isa = PBXFileReference; lastKnownFileType = sourcecode.swift; path = WindowController.swift; sourceTree = "<group>"; };
		82B0E122271645C400B07CDE /* StatusImageView.swift */ = {isa = PBXFileReference; lastKnownFileType = sourcecode.swift; path = StatusImageView.swift; sourceTree = "<group>"; };
		82B0E19427174CCD00B07CDE /* IconImageView.swift */ = {isa = PBXFileReference; lastKnownFileType = sourcecode.swift; path = IconImageView.swift; sourceTree = "<group>"; };
		82B0E19927174DE000B07CDE /* JenkinsIcon@2x.png */ = {isa = PBXFileReference; lastKnownFileType = image.png; path = "JenkinsIcon@2x.png"; sourceTree = "<group>"; };
		82B0E1A427175F3A00B07CDE /* FailedJenkins@2x.png */ = {isa = PBXFileReference; lastKnownFileType = image.png; path = "FailedJenkins@2x.png"; sourceTree = "<group>"; };
		82B0E1A72717631600B07CDE /* BuildJenkins@2x.png */ = {isa = PBXFileReference; lastKnownFileType = image.png; name = "BuildJenkins@2x.png"; path = "../../../Downloads/BuildJenkins@2x.png"; sourceTree = "<group>"; };
		82B0E1AA2717633900B07CDE /* SuccessJenkins@2x.png */ = {isa = PBXFileReference; lastKnownFileType = image.png; path = "SuccessJenkins@2x.png"; sourceTree = "<group>"; };
		82B0E1AE271768CB00B07CDE /* PRInstance.swift */ = {isa = PBXFileReference; lastKnownFileType = sourcecode.swift; path = PRInstance.swift; sourceTree = "<group>"; };
/* End PBXFileReference section */

/* Begin PBXFrameworksBuildPhase section */
		82B0E10127161CD700B07CDE /* Frameworks */ = {
			isa = PBXFrameworksBuildPhase;
			buildActionMask = 2147483647;
			files = (
			);
			runOnlyForDeploymentPostprocessing = 0;
		};
/* End PBXFrameworksBuildPhase section */

/* Begin PBXGroup section */
		82B0E0FB27161CD700B07CDE = {
			isa = PBXGroup;
			children = (
				82B0E10627161CD700B07CDE /* GoGoJenkins */,
				82B0E10527161CD700B07CDE /* Products */,
			);
			sourceTree = "<group>";
		};
		82B0E10527161CD700B07CDE /* Products */ = {
			isa = PBXGroup;
			children = (
				82B0E10427161CD700B07CDE /* GoGoJenkins.app */,
			);
			name = Products;
			sourceTree = "<group>";
		};
		82B0E10627161CD700B07CDE /* GoGoJenkins */ = {
			isa = PBXGroup;
			children = (
				82B0E10727161CD700B07CDE /* AppDelegate.swift */,
				82B0E10927161CD700B07CDE /* ViewController.swift */,
				82B0E10B27161CDD00B07CDE /* Assets.xcassets */,
				82B0E10D27161CDD00B07CDE /* Main.storyboard */,
				82B0E11027161CDD00B07CDE /* Info.plist */,
				82B0E1A427175F3A00B07CDE /* FailedJenkins@2x.png */,
				82B0E19927174DE000B07CDE /* JenkinsIcon@2x.png */,
				82B0E1AE271768CB00B07CDE /* PRInstance.swift */,
				82B0E11127161CDD00B07CDE /* GoGoJenkins.entitlements */,
				82B0E11827161E0D00B07CDE /* WindowController.swift */,
				82B0E1A72717631600B07CDE /* BuildJenkins@2x.png */,
				82B0E1AA2717633900B07CDE /* SuccessJenkins@2x.png */,
				82B0E122271645C400B07CDE /* StatusImageView.swift */,
				82B0E19427174CCD00B07CDE /* IconImageView.swift */,
			);
			path = GoGoJenkins;
			sourceTree = "<group>";
		};
/* End PBXGroup section */

/* Begin PBXNativeTarget section */
		82B0E10327161CD700B07CDE /* GoGoJenkins */ = {
			isa = PBXNativeTarget;
			buildConfigurationList = 82B0E11427161CDD00B07CDE /* Build configuration list for PBXNativeTarget "GoGoJenkins" */;
			buildPhases = (
				82B0E10027161CD700B07CDE /* Sources */,
				82B0E10127161CD700B07CDE /* Frameworks */,
				82B0E10227161CD700B07CDE /* Resources */,
			);
			buildRules = (
			);
			dependencies = (
			);
			name = GoGoJenkins;
			productName = GoGoJenkins;
			productReference = 82B0E10427161CD700B07CDE /* GoGoJenkins.app */;
			productType = "com.apple.product-type.application";
		};
/* End PBXNativeTarget section */

/* Begin PBXProject section */
		82B0E0FC27161CD700B07CDE /* Project object */ = {
			isa = PBXProject;
			attributes = {
				LastSwiftUpdateCheck = 1210;
				LastUpgradeCheck = 1210;
				TargetAttributes = {
					82B0E10327161CD700B07CDE = {
						CreatedOnToolsVersion = 12.1;
					};
				};
			};
			buildConfigurationList = 82B0E0FF27161CD700B07CDE /* Build configuration list for PBXProject "GoGoJenkins" */;
			compatibilityVersion = "Xcode 9.3";
			developmentRegion = en;
			hasScannedForEncodings = 0;
			knownRegions = (
				en,
				Base,
			);
			mainGroup = 82B0E0FB27161CD700B07CDE;
			productRefGroup = 82B0E10527161CD700B07CDE /* Products */;
			projectDirPath = "";
			projectRoot = "";
			targets = (
				82B0E10327161CD700B07CDE /* GoGoJenkins */,
			);
		};
/* End PBXProject section */

/* Begin PBXResourcesBuildPhase section */
		82B0E10227161CD700B07CDE /* Resources */ = {
			isa = PBXResourcesBuildPhase;
			buildActionMask = 2147483647;
			files = (
				82B0E1A527175F3A00B07CDE /* FailedJenkins@2x.png in Resources */,
				82B0E10C27161CDD00B07CDE /* Assets.xcassets in Resources */,
				82B0E1A82717631600B07CDE /* BuildJenkins@2x.png in Resources */,
				82B0E10F27161CDD00B07CDE /* Main.storyboard in Resources */,
				82B0E1AB2717633900B07CDE /* SuccessJenkins@2x.png in Resources */,
				82B0E19A27174DE000B07CDE /* JenkinsIcon@2x.png in Resources */,
			);
			runOnlyForDeploymentPostprocessing = 0;
		};
/* End PBXResourcesBuildPhase section */

/* Begin PBXSourcesBuildPhase section */
		82B0E10027161CD700B07CDE /* Sources */ = {
			isa = PBXSourcesBuildPhase;
			buildActionMask = 2147483647;
			files = (
				82B0E10A27161CD700B07CDE /* ViewController.swift in Sources */,
				82B0E19527174CCD00B07CDE /* IconImageView.swift in Sources */,
				82B0E1AF271768CB00B07CDE /* PRInstance.swift in Sources */,
				82B0E11927161E0D00B07CDE /* WindowController.swift in Sources */,
				82B0E123271645C400B07CDE /* StatusImageView.swift in Sources */,
				82B0E10827161CD700B07CDE /* AppDelegate.swift in Sources */,
			);
			runOnlyForDeploymentPostprocessing = 0;
		};
/* End PBXSourcesBuildPhase section */

/* Begin PBXVariantGroup section */
		82B0E10D27161CDD00B07CDE /* Main.storyboard */ = {
			isa = PBXVariantGroup;
			children = (
				82B0E10E27161CDD00B07CDE /* Base */,
			);
			name = Main.storyboard;
			sourceTree = "<group>";
		};
/* End PBXVariantGroup section */

/* Begin XCBuildConfiguration section */
		82B0E11227161CDD00B07CDE /* Debug */ = {
			isa = XCBuildConfiguration;
			buildSettings = {
				ALWAYS_SEARCH_USER_PATHS = NO;
				CLANG_ANALYZER_NONNULL = YES;
				CLANG_ANALYZER_NUMBER_OBJECT_CONVERSION = YES_AGGRESSIVE;
				CLANG_CXX_LANGUAGE_STANDARD = "gnu++14";
				CLANG_CXX_LIBRARY = "libc++";
				CLANG_ENABLE_MODULES = YES;
				CLANG_ENABLE_OBJC_ARC = YES;
				CLANG_ENABLE_OBJC_WEAK = YES;
				CLANG_WARN_BLOCK_CAPTURE_AUTORELEASING = YES;
				CLANG_WARN_BOOL_CONVERSION = YES;
				CLANG_WARN_COMMA = YES;
				CLANG_WARN_CONSTANT_CONVERSION = YES;
				CLANG_WARN_DEPRECATED_OBJC_IMPLEMENTATIONS = YES;
				CLANG_WARN_DIRECT_OBJC_ISA_USAGE = YES_ERROR;
				CLANG_WARN_DOCUMENTATION_COMMENTS = YES;
				CLANG_WARN_EMPTY_BODY = YES;
				CLANG_WARN_ENUM_CONVERSION = YES;
				CLANG_WARN_INFINITE_RECURSION = YES;
				CLANG_WARN_INT_CONVERSION = YES;
				CLANG_WARN_NON_LITERAL_NULL_CONVERSION = YES;
				CLANG_WARN_OBJC_IMPLICIT_RETAIN_SELF = YES;
				CLANG_WARN_OBJC_LITERAL_CONVERSION = YES;
				CLANG_WARN_OBJC_ROOT_CLASS = YES_ERROR;
				CLANG_WARN_QUOTED_INCLUDE_IN_FRAMEWORK_HEADER = YES;
				CLANG_WARN_RANGE_LOOP_ANALYSIS = YES;
				CLANG_WARN_STRICT_PROTOTYPES = YES;
				CLANG_WARN_SUSPICIOUS_MOVE = YES;
				CLANG_WARN_UNGUARDED_AVAILABILITY = YES_AGGRESSIVE;
				CLANG_WARN_UNREACHABLE_CODE = YES;
				CLANG_WARN__DUPLICATE_METHOD_MATCH = YES;
				COPY_PHASE_STRIP = NO;
				DEBUG_INFORMATION_FORMAT = dwarf;
				ENABLE_STRICT_OBJC_MSGSEND = YES;
				ENABLE_TESTABILITY = YES;
				GCC_C_LANGUAGE_STANDARD = gnu11;
				GCC_DYNAMIC_NO_PIC = NO;
				GCC_NO_COMMON_BLOCKS = YES;
				GCC_OPTIMIZATION_LEVEL = 0;
				GCC_PREPROCESSOR_DEFINITIONS = (
					"DEBUG=1",
					"$(inherited)",
				);
				GCC_WARN_64_TO_32_BIT_CONVERSION = YES;
				GCC_WARN_ABOUT_RETURN_TYPE = YES_ERROR;
				GCC_WARN_UNDECLARED_SELECTOR = YES;
				GCC_WARN_UNINITIALIZED_AUTOS = YES_AGGRESSIVE;
				GCC_WARN_UNUSED_FUNCTION = YES;
				GCC_WARN_UNUSED_VARIABLE = YES;
				MACOSX_DEPLOYMENT_TARGET = 10.15;
				MTL_ENABLE_DEBUG_INFO = INCLUDE_SOURCE;
				MTL_FAST_MATH = YES;
				ONLY_ACTIVE_ARCH = YES;
				SDKROOT = macosx;
				SWIFT_ACTIVE_COMPILATION_CONDITIONS = DEBUG;
				SWIFT_OPTIMIZATION_LEVEL = "-Onone";
			};
			name = Debug;
		};
		82B0E11327161CDD00B07CDE /* Release */ = {
			isa = XCBuildConfiguration;
			buildSettings = {
				ALWAYS_SEARCH_USER_PATHS = NO;
				CLANG_ANALYZER_NONNULL = YES;
				CLANG_ANALYZER_NUMBER_OBJECT_CONVERSION = YES_AGGRESSIVE;
				CLANG_CXX_LANGUAGE_STANDARD = "gnu++14";
				CLANG_CXX_LIBRARY = "libc++";
				CLANG_ENABLE_MODULES = YES;
				CLANG_ENABLE_OBJC_ARC = YES;
				CLANG_ENABLE_OBJC_WEAK = YES;
				CLANG_WARN_BLOCK_CAPTURE_AUTORELEASING = YES;
				CLANG_WARN_BOOL_CONVERSION = YES;
				CLANG_WARN_COMMA = YES;
				CLANG_WARN_CONSTANT_CONVERSION = YES;
				CLANG_WARN_DEPRECATED_OBJC_IMPLEMENTATIONS = YES;
				CLANG_WARN_DIRECT_OBJC_ISA_USAGE = YES_ERROR;
				CLANG_WARN_DOCUMENTATION_COMMENTS = YES;
				CLANG_WARN_EMPTY_BODY = YES;
				CLANG_WARN_ENUM_CONVERSION = YES;
				CLANG_WARN_INFINITE_RECURSION = YES;
				CLANG_WARN_INT_CONVERSION = YES;
				CLANG_WARN_NON_LITERAL_NULL_CONVERSION = YES;
				CLANG_WARN_OBJC_IMPLICIT_RETAIN_SELF = YES;
				CLANG_WARN_OBJC_LITERAL_CONVERSION = YES;
				CLANG_WARN_OBJC_ROOT_CLASS = YES_ERROR;
				CLANG_WARN_QUOTED_INCLUDE_IN_FRAMEWORK_HEADER = YES;
				CLANG_WARN_RANGE_LOOP_ANALYSIS = YES;
				CLANG_WARN_STRICT_PROTOTYPES = YES;
				CLANG_WARN_SUSPICIOUS_MOVE = YES;
				CLANG_WARN_UNGUARDED_AVAILABILITY = YES_AGGRESSIVE;
				CLANG_WARN_UNREACHABLE_CODE = YES;
				CLANG_WARN__DUPLICATE_METHOD_MATCH = YES;
				COPY_PHASE_STRIP = NO;
				DEBUG_INFORMATION_FORMAT = "dwarf-with-dsym";
				ENABLE_NS_ASSERTIONS = NO;
				ENABLE_STRICT_OBJC_MSGSEND = YES;
				GCC_C_LANGUAGE_STANDARD = gnu11;
				GCC_NO_COMMON_BLOCKS = YES;
				GCC_WARN_64_TO_32_BIT_CONVERSION = YES;
				GCC_WARN_ABOUT_RETURN_TYPE = YES_ERROR;
				GCC_WARN_UNDECLARED_SELECTOR = YES;
				GCC_WARN_UNINITIALIZED_AUTOS = YES_AGGRESSIVE;
				GCC_WARN_UNUSED_FUNCTION = YES;
				GCC_WARN_UNUSED_VARIABLE = YES;
				MACOSX_DEPLOYMENT_TARGET = 10.15;
				MTL_ENABLE_DEBUG_INFO = NO;
				MTL_FAST_MATH = YES;
				SDKROOT = macosx;
				SWIFT_COMPILATION_MODE = wholemodule;
				SWIFT_OPTIMIZATION_LEVEL = "-O";
			};
			name = Release;
		};
		82B0E11527161CDD00B07CDE /* Debug */ = {
			isa = XCBuildConfiguration;
			buildSettings = {
				ASSETCATALOG_COMPILER_APPICON_NAME = AppIcon;
				ASSETCATALOG_COMPILER_GLOBAL_ACCENT_COLOR_NAME = AccentColor;
				CODE_SIGN_ENTITLEMENTS = GoGoJenkins/GoGoJenkins.entitlements;
				CODE_SIGN_STYLE = Automatic;
				COMBINE_HIDPI_IMAGES = YES;
				DEVELOPMENT_TEAM = 7N9YCAC2JJ;
				ENABLE_HARDENED_RUNTIME = YES;
				INFOPLIST_FILE = GoGoJenkins/Info.plist;
				LD_RUNPATH_SEARCH_PATHS = (
					"$(inherited)",
					"@executable_path/../Frameworks",
				);
				PRODUCT_BUNDLE_IDENTIFIER = ClassPass.GoGoJenkins;
				PRODUCT_NAME = "$(TARGET_NAME)";
				SWIFT_VERSION = 5.0;
			};
			name = Debug;
		};
		82B0E11627161CDD00B07CDE /* Release */ = {
			isa = XCBuildConfiguration;
			buildSettings = {
				ASSETCATALOG_COMPILER_APPICON_NAME = AppIcon;
				ASSETCATALOG_COMPILER_GLOBAL_ACCENT_COLOR_NAME = AccentColor;
				CODE_SIGN_ENTITLEMENTS = GoGoJenkins/GoGoJenkins.entitlements;
				CODE_SIGN_STYLE = Automatic;
				COMBINE_HIDPI_IMAGES = YES;
				DEVELOPMENT_TEAM = 7N9YCAC2JJ;
				ENABLE_HARDENED_RUNTIME = YES;
				INFOPLIST_FILE = GoGoJenkins/Info.plist;
				LD_RUNPATH_SEARCH_PATHS = (
					"$(inherited)",
					"@executable_path/../Frameworks",
				);
				PRODUCT_BUNDLE_IDENTIFIER = ClassPass.GoGoJenkins;
				PRODUCT_NAME = "$(TARGET_NAME)";
				SWIFT_VERSION = 5.0;
			};
			name = Release;
		};
/* End XCBuildConfiguration section */

/* Begin XCConfigurationList section */
		82B0E0FF27161CD700B07CDE /* Build configuration list for PBXProject "GoGoJenkins" */ = {
			isa = XCConfigurationList;
			buildConfigurations = (
				82B0E11227161CDD00B07CDE /* Debug */,
				82B0E11327161CDD00B07CDE /* Release */,
			);
			defaultConfigurationIsVisible = 0;
			defaultConfigurationName = Release;
		};
		82B0E11427161CDD00B07CDE /* Build configuration list for PBXNativeTarget "GoGoJenkins" */ = {
			isa = XCConfigurationList;
			buildConfigurations = (
				82B0E11527161CDD00B07CDE /* Debug */,
				82B0E11627161CDD00B07CDE /* Release */,
			);
			defaultConfigurationIsVisible = 0;
			defaultConfigurationName = Release;
		};
/* End XCConfigurationList section */
	};
	rootObject = 82B0E0FC27161CD700B07CDE /* Project object */;
}
